// !$*UTF8*$!
{
	archiveVersion = 1;
	classes = {
	};
	objectVersion = 50;
	objects = {

/* Begin PBXBuildFile section */
		3B72F14422423E6F00EE48FA /* AppDelegate.swift in Sources */ = {isa = PBXBuildFile; fileRef = 3B72F14322423E6F00EE48FA /* AppDelegate.swift */; };
		3B72F14622423E6F00EE48FA /* ViewController.swift in Sources */ = {isa = PBXBuildFile; fileRef = 3B72F14522423E6F00EE48FA /* ViewController.swift */; };
		3B72F14922423E6F00EE48FA /* Main.storyboard in Resources */ = {isa = PBXBuildFile; fileRef = 3B72F14722423E6F00EE48FA /* Main.storyboard */; };
		3B72F14B22423E6F00EE48FA /* Assets.xcassets in Resources */ = {isa = PBXBuildFile; fileRef = 3B72F14A22423E6F00EE48FA /* Assets.xcassets */; };
		3B72F14E22423E6F00EE48FA /* LaunchScreen.storyboard in Resources */ = {isa = PBXBuildFile; fileRef = 3B72F14C22423E6F00EE48FA /* LaunchScreen.storyboard */; };
		3B72F156224242C600EE48FA /* LoginViewController.swift in Sources */ = {isa = PBXBuildFile; fileRef = 3B72F155224242C600EE48FA /* LoginViewController.swift */; };
		3B72F158224255DA00EE48FA /* mozahar_ios_logo.png in Resources */ = {isa = PBXBuildFile; fileRef = 3B72F157224255DA00EE48FA /* mozahar_ios_logo.png */; };
		5A943D7F5E93DBBB9A7EAB43 /* Pods_FB_AccountKit_Integration_Swift.framework in Frameworks */ = {isa = PBXBuildFile; fileRef = 493EBB91303E90FBEED114D1 /* Pods_FB_AccountKit_Integration_Swift.framework */; };
/* End PBXBuildFile section */

/* Begin PBXFileReference section */
		3B72F14022423E6F00EE48FA /* FB AccountKit Integration-Swift.app */ = {isa = PBXFileReference; explicitFileType = wrapper.application; includeInIndex = 0; path = "FB AccountKit Integration-Swift.app"; sourceTree = BUILT_PRODUCTS_DIR; };
		3B72F14322423E6F00EE48FA /* AppDelegate.swift */ = {isa = PBXFileReference; lastKnownFileType = sourcecode.swift; path = AppDelegate.swift; sourceTree = "<group>"; };
		3B72F14522423E6F00EE48FA /* ViewController.swift */ = {isa = PBXFileReference; lastKnownFileType = sourcecode.swift; path = ViewController.swift; sourceTree = "<group>"; };
		3B72F14822423E6F00EE48FA /* Base */ = {isa = PBXFileReference; lastKnownFileType = file.storyboard; name = Base; path = Base.lproj/Main.storyboard; sourceTree = "<group>"; };
		3B72F14A22423E6F00EE48FA /* Assets.xcassets */ = {isa = PBXFileReference; lastKnownFileType = folder.assetcatalog; path = Assets.xcassets; sourceTree = "<group>"; };
		3B72F14D22423E6F00EE48FA /* Base */ = {isa = PBXFileReference; lastKnownFileType = file.storyboard; name = Base; path = Base.lproj/LaunchScreen.storyboard; sourceTree = "<group>"; };
		3B72F14F22423E6F00EE48FA /* Info.plist */ = {isa = PBXFileReference; lastKnownFileType = text.plist.xml; path = Info.plist; sourceTree = "<group>"; };
		3B72F155224242C600EE48FA /* LoginViewController.swift */ = {isa = PBXFileReference; lastKnownFileType = sourcecode.swift; path = LoginViewController.swift; sourceTree = "<group>"; };
		3B72F157224255DA00EE48FA /* mozahar_ios_logo.png */ = {isa = PBXFileReference; lastKnownFileType = image.png; path = mozahar_ios_logo.png; sourceTree = "<group>"; };
		493EBB91303E90FBEED114D1 /* Pods_FB_AccountKit_Integration_Swift.framework */ = {isa = PBXFileReference; explicitFileType = wrapper.framework; includeInIndex = 0; path = Pods_FB_AccountKit_Integration_Swift.framework; sourceTree = BUILT_PRODUCTS_DIR; };
		50DED9FD2BCEE4B673BF7D52 /* Pods-FB AccountKit Integration-Swift.debug.xcconfig */ = {isa = PBXFileReference; includeInIndex = 1; lastKnownFileType = text.xcconfig; name = "Pods-FB AccountKit Integration-Swift.debug.xcconfig"; path = "Target Support Files/Pods-FB AccountKit Integration-Swift/Pods-FB AccountKit Integration-Swift.debug.xcconfig"; sourceTree = "<group>"; };
		99B886D72895A7F1990DB215 /* Pods-FB AccountKit Integration-Swift.release.xcconfig */ = {isa = PBXFileReference; includeInIndex = 1; lastKnownFileType = text.xcconfig; name = "Pods-FB AccountKit Integration-Swift.release.xcconfig"; path = "Target Support Files/Pods-FB AccountKit Integration-Swift/Pods-FB AccountKit Integration-Swift.release.xcconfig"; sourceTree = "<group>"; };
/* End PBXFileReference section */

/* Begin PBXFrameworksBuildPhase section */
		3B72F13D22423E6F00EE48FA /* Frameworks */ = {
			isa = PBXFrameworksBuildPhase;
			buildActionMask = 2147483647;
			files = (
				5A943D7F5E93DBBB9A7EAB43 /* Pods_FB_AccountKit_Integration_Swift.framework in Frameworks */,
			);
			runOnlyForDeploymentPostprocessing = 0;
		};
/* End PBXFrameworksBuildPhase section */

/* Begin PBXGroup section */
		3B72F13722423E6F00EE48FA = {
			isa = PBXGroup;
			children = (
				3B72F14222423E6F00EE48FA /* FB AccountKit Integration-Swift */,
				3B72F14122423E6F00EE48FA /* Products */,
				F0DFC088D0F85165C74E074B /* Pods */,
				714A078E0F391444B1187FBB /* Frameworks */,
			);
			sourceTree = "<group>";
		};
		3B72F14122423E6F00EE48FA /* Products */ = {
			isa = PBXGroup;
			children = (
				3B72F14022423E6F00EE48FA /* FB AccountKit Integration-Swift.app */,
			);
			name = Products;
			sourceTree = "<group>";
		};
		3B72F14222423E6F00EE48FA /* FB AccountKit Integration-Swift */ = {
			isa = PBXGroup;
			children = (
				3B72F14322423E6F00EE48FA /* AppDelegate.swift */,
				3B72F14522423E6F00EE48FA /* ViewController.swift */,
				3B72F155224242C600EE48FA /* LoginViewController.swift */,
				3B72F14722423E6F00EE48FA /* Main.storyboard */,
				3B72F14A22423E6F00EE48FA /* Assets.xcassets */,
				3B72F157224255DA00EE48FA /* mozahar_ios_logo.png */,
				3B72F14C22423E6F00EE48FA /* LaunchScreen.storyboard */,
				3B72F14F22423E6F00EE48FA /* Info.plist */,
			);
			path = "FB AccountKit Integration-Swift";
			sourceTree = "<group>";
		};
		714A078E0F391444B1187FBB /* Frameworks */ = {
			isa = PBXGroup;
			children = (
				493EBB91303E90FBEED114D1 /* Pods_FB_AccountKit_Integration_Swift.framework */,
			);
			name = Frameworks;
			sourceTree = "<group>";
		};
		F0DFC088D0F85165C74E074B /* Pods */ = {
			isa = PBXGroup;
			children = (
				50DED9FD2BCEE4B673BF7D52 /* Pods-FB AccountKit Integration-Swift.debug.xcconfig */,
				99B886D72895A7F1990DB215 /* Pods-FB AccountKit Integration-Swift.release.xcconfig */,
			);
			path = Pods;
			sourceTree = "<group>";
		};
/* End PBXGroup section */

/* Begin PBXNativeTarget section */
		3B72F13F22423E6F00EE48FA /* FB AccountKit Integration-Swift */ = {
			isa = PBXNativeTarget;
			buildConfigurationList = 3B72F15222423E7000EE48FA /* Build configuration list for PBXNativeTarget "FB AccountKit Integration-Swift" */;
			buildPhases = (
				2E6D062F58E6D2B5D202B608 /* [CP] Check Pods Manifest.lock */,
				3B72F13C22423E6F00EE48FA /* Sources */,
				3B72F13D22423E6F00EE48FA /* Frameworks */,
				3B72F13E22423E6F00EE48FA /* Resources */,
				CC888E95492338E6BA7C9B1C /* [CP] Copy Pods Resources */,
			);
			buildRules = (
			);
			dependencies = (
			);
			name = "FB AccountKit Integration-Swift";
			productName = "FB AccountKit Integration-Swift";
			productReference = 3B72F14022423E6F00EE48FA /* FB AccountKit Integration-Swift.app */;
			productType = "com.apple.product-type.application";
		};
/* End PBXNativeTarget section */

/* Begin PBXProject section */
		3B72F13822423E6F00EE48FA /* Project object */ = {
			isa = PBXProject;
			attributes = {
				LastSwiftUpdateCheck = 1010;
				LastUpgradeCheck = 1010;
				ORGANIZATIONNAME = "MD ABDUR RAHMAN";
				TargetAttributes = {
					3B72F13F22423E6F00EE48FA = {
						CreatedOnToolsVersion = 10.1;
					};
				};
			};
			buildConfigurationList = 3B72F13B22423E6F00EE48FA /* Build configuration list for PBXProject "FB AccountKit Integration-Swift" */;
			compatibilityVersion = "Xcode 9.3";
			developmentRegion = en;
			hasScannedForEncodings = 0;
			knownRegions = (
				en,
				Base,
			);
			mainGroup = 3B72F13722423E6F00EE48FA;
			productRefGroup = 3B72F14122423E6F00EE48FA /* Products */;
			projectDirPath = "";
			projectRoot = "";
			targets = (
				3B72F13F22423E6F00EE48FA /* FB AccountKit Integration-Swift */,
			);
		};
/* End PBXProject section */

/* Begin PBXResourcesBuildPhase section */
		3B72F13E22423E6F00EE48FA /* Resources */ = {
			isa = PBXResourcesBuildPhase;
			buildActionMask = 2147483647;
			files = (
				3B72F14E22423E6F00EE48FA /* LaunchScreen.storyboard in Resources */,
				3B72F14B22423E6F00EE48FA /* Assets.xcassets in Resources */,
				3B72F14922423E6F00EE48FA /* Main.storyboard in Resources */,
				3B72F158224255DA00EE48FA /* mozahar_ios_logo.png in Resources */,
			);
			runOnlyForDeploymentPostprocessing = 0;
		};
/* End PBXResourcesBuildPhase section */

/* Begin PBXShellScriptBuildPhase section */
		2E6D062F58E6D2B5D202B608 /* [CP] Check Pods Manifest.lock */ = {
			isa = PBXShellScriptBuildPhase;
			buildActionMask = 2147483647;
			files = (
			);
			inputFileListPaths = (
			);
			inputPaths = (
				"${PODS_PODFILE_DIR_PATH}/Podfile.lock",
				"${PODS_ROOT}/Manifest.lock",
			);
			name = "[CP] Check Pods Manifest.lock";
			outputFileListPaths = (
			);
			outputPaths = (
				"$(DERIVED_FILE_DIR)/Pods-FB AccountKit Integration-Swift-checkManifestLockResult.txt",
			);
			runOnlyForDeploymentPostprocessing = 0;
			shellPath = /bin/sh;
			shellScript = "diff \"${PODS_PODFILE_DIR_PATH}/Podfile.lock\" \"${PODS_ROOT}/Manifest.lock\" > /dev/null\nif [ $? != 0 ] ; then\n    # print error to STDERR\n    echo \"error: The sandbox is not in sync with the Podfile.lock. Run 'pod install' or update your CocoaPods installation.\" >&2\n    exit 1\nfi\n# This output is used by Xcode 'outputs' to avoid re-running this script phase.\necho \"SUCCESS\" > \"${SCRIPT_OUTPUT_FILE_0}\"\n";
			showEnvVarsInLog = 0;
		};
		CC888E95492338E6BA7C9B1C /* [CP] Copy Pods Resources */ = {
			isa = PBXShellScriptBuildPhase;
			buildActionMask = 2147483647;
			files = (
			);
			inputFileListPaths = (
			);
			inputPaths = (
				"${PODS_ROOT}/Target Support Files/Pods-FB AccountKit Integration-Swift/Pods-FB AccountKit Integration-Swift-resources.sh",
				"${PODS_ROOT}/AccountKit/AccountKitStrings.bundle",
			);
			name = "[CP] Copy Pods Resources";
			outputFileListPaths = (
			);
			outputPaths = (
				"${TARGET_BUILD_DIR}/${UNLOCALIZED_RESOURCES_FOLDER_PATH}/AccountKitStrings.bundle",
			);
			runOnlyForDeploymentPostprocessing = 0;
			shellPath = /bin/sh;
			shellScript = "\"${PODS_ROOT}/Target Support Files/Pods-FB AccountKit Integration-Swift/Pods-FB AccountKit Integration-Swift-resources.sh\"\n";
			showEnvVarsInLog = 0;
		};
/* End PBXShellScriptBuildPhase section */

/* Begin PBXSourcesBuildPhase section */
		3B72F13C22423E6F00EE48FA /* Sources */ = {
			isa = PBXSourcesBuildPhase;
			buildActionMask = 2147483647;
			files = (
				3B72F156224242C600EE48FA /* LoginViewController.swift in Sources */,
				3B72F14622423E6F00EE48FA /* ViewController.swift in Sources */,
				3B72F14422423E6F00EE48FA /* AppDelegate.swift in Sources */,
			);
			runOnlyForDeploymentPostprocessing = 0;
		};
/* End PBXSourcesBuildPhase section */

/* Begin PBXVariantGroup section */
		3B72F14722423E6F00EE48FA /* Main.storyboard */ = {
			isa = PBXVariantGroup;
			children = (
				3B72F14822423E6F00EE48FA /* Base */,
			);
			name = Main.storyboard;
			sourceTree = "<group>";
		};
		3B72F14C22423E6F00EE48FA /* LaunchScreen.storyboard */ = {
			isa = PBXVariantGroup;
			children = (
				3B72F14D22423E6F00EE48FA /* Base */,
			);
			name = LaunchScreen.storyboard;
			sourceTree = "<group>";
		};
/* End PBXVariantGroup section */

/* Begin XCBuildConfiguration section */
		3B72F15022423E7000EE48FA /* Debug */ = {
			isa = XCBuildConfiguration;
			buildSettings = {
				ALWAYS_SEARCH_USER_PATHS = NO;
				CLANG_ANALYZER_NONNULL = YES;
				CLANG_ANALYZER_NUMBER_OBJECT_CONVERSION = YES_AGGRESSIVE;
				CLANG_CXX_LANGUAGE_STANDARD = "gnu++14";
				CLANG_CXX_LIBRARY = "libc++";
				CLANG_ENABLE_MODULES = YES;
				CLANG_ENABLE_OBJC_ARC = YES;
				CLANG_ENABLE_OBJC_WEAK = YES;
				CLANG_WARN_BLOCK_CAPTURE_AUTORELEASING = YES;
				CLANG_WARN_BOOL_CONVERSION = YES;
				CLANG_WARN_COMMA = YES;
				CLANG_WARN_CONSTANT_CONVERSION = YES;
				CLANG_WARN_DEPRECATED_OBJC_IMPLEMENTATIONS = YES;
				CLANG_WARN_DIRECT_OBJC_ISA_USAGE = YES_ERROR;
				CLANG_WARN_DOCUMENTATION_COMMENTS = YES;
				CLANG_WARN_EMPTY_BODY = YES;
				CLANG_WARN_ENUM_CONVERSION = YES;
				CLANG_WARN_INFINITE_RECURSION = YES;
				CLANG_WARN_INT_CONVERSION = YES;
				CLANG_WARN_NON_LITERAL_NULL_CONVERSION = YES;
				CLANG_WARN_OBJC_IMPLICIT_RETAIN_SELF = YES;
				CLANG_WARN_OBJC_LITERAL_CONVERSION = YES;
				CLANG_WARN_OBJC_ROOT_CLASS = YES_ERROR;
				CLANG_WARN_RANGE_LOOP_ANALYSIS = YES;
				CLANG_WARN_STRICT_PROTOTYPES = YES;
				CLANG_WARN_SUSPICIOUS_MOVE = YES;
				CLANG_WARN_UNGUARDED_AVAILABILITY = YES_AGGRESSIVE;
				CLANG_WARN_UNREACHABLE_CODE = YES;
				CLANG_WARN__DUPLICATE_METHOD_MATCH = YES;
				CODE_SIGN_IDENTITY = "iPhone Developer";
				COPY_PHASE_STRIP = NO;
				DEBUG_INFORMATION_FORMAT = dwarf;
				ENABLE_STRICT_OBJC_MSGSEND = YES;
				ENABLE_TESTABILITY = YES;
				GCC_C_LANGUAGE_STANDARD = gnu11;
				GCC_DYNAMIC_NO_PIC = NO;
				GCC_NO_COMMON_BLOCKS = YES;
				GCC_OPTIMIZATION_LEVEL = 0;
				GCC_PREPROCESSOR_DEFINITIONS = (
					"DEBUG=1",
					"$(inherited)",
				);
				GCC_WARN_64_TO_32_BIT_CONVERSION = YES;
				GCC_WARN_ABOUT_RETURN_TYPE = YES_ERROR;
				GCC_WARN_UNDECLARED_SELECTOR = YES;
				GCC_WARN_UNINITIALIZED_AUTOS = YES_AGGRESSIVE;
				GCC_WARN_UNUSED_FUNCTION = YES;
				GCC_WARN_UNUSED_VARIABLE = YES;
				IPHONEOS_DEPLOYMENT_TARGET = 12.1;
				MTL_ENABLE_DEBUG_INFO = INCLUDE_SOURCE;
				MTL_FAST_MATH = YES;
				ONLY_ACTIVE_ARCH = YES;
				SDKROOT = iphoneos;
				SWIFT_ACTIVE_COMPILATION_CONDITIONS = DEBUG;
				SWIFT_OPTIMIZATION_LEVEL = "-Onone";
			};
			name = Debug;
		};
		3B72F15122423E7000EE48FA /* Release */ = {
			isa = XCBuildConfiguration;
			buildSettings = {
				ALWAYS_SEARCH_USER_PATHS = NO;
				CLANG_ANALYZER_NONNULL = YES;
				CLANG_ANALYZER_NUMBER_OBJECT_CONVERSION = YES_AGGRESSIVE;
				CLANG_CXX_LANGUAGE_STANDARD = "gnu++14";
				CLANG_CXX_LIBRARY = "libc++";
				CLANG_ENABLE_MODULES = YES;
				CLANG_ENABLE_OBJC_ARC = YES;
				CLANG_ENABLE_OBJC_WEAK = YES;
				CLANG_WARN_BLOCK_CAPTURE_AUTORELEASING = YES;
				CLANG_WARN_BOOL_CONVERSION = YES;
				CLANG_WARN_COMMA = YES;
				CLANG_WARN_CONSTANT_CONVERSION = YES;
				CLANG_WARN_DEPRECATED_OBJC_IMPLEMENTATIONS = YES;
				CLANG_WARN_DIRECT_OBJC_ISA_USAGE = YES_ERROR;
				CLANG_WARN_DOCUMENTATION_COMMENTS = YES;
				CLANG_WARN_EMPTY_BODY = YES;
				CLANG_WARN_ENUM_CONVERSION = YES;
				CLANG_WARN_INFINITE_RECURSION = YES;
				CLANG_WARN_INT_CONVERSION = YES;
				CLANG_WARN_NON_LITERAL_NULL_CONVERSION = YES;
				CLANG_WARN_OBJC_IMPLICIT_RETAIN_SELF = YES;
				CLANG_WARN_OBJC_LITERAL_CONVERSION = YES;
				CLANG_WARN_OBJC_ROOT_CLASS = YES_ERROR;
				CLANG_WARN_RANGE_LOOP_ANALYSIS = YES;
				CLANG_WARN_STRICT_PROTOTYPES = YES;
				CLANG_WARN_SUSPICIOUS_MOVE = YES;
				CLANG_WARN_UNGUARDED_AVAILABILITY = YES_AGGRESSIVE;
				CLANG_WARN_UNREACHABLE_CODE = YES;
				CLANG_WARN__DUPLICATE_METHOD_MATCH = YES;
				CODE_SIGN_IDENTITY = "iPhone Developer";
				COPY_PHASE_STRIP = NO;
				DEBUG_INFORMATION_FORMAT = "dwarf-with-dsym";
				ENABLE_NS_ASSERTIONS = NO;
				ENABLE_STRICT_OBJC_MSGSEND = YES;
				GCC_C_LANGUAGE_STANDARD = gnu11;
				GCC_NO_COMMON_BLOCKS = YES;
				GCC_WARN_64_TO_32_BIT_CONVERSION = YES;
				GCC_WARN_ABOUT_RETURN_TYPE = YES_ERROR;
				GCC_WARN_UNDECLARED_SELECTOR = YES;
				GCC_WARN_UNINITIALIZED_AUTOS = YES_AGGRESSIVE;
				GCC_WARN_UNUSED_FUNCTION = YES;
				GCC_WARN_UNUSED_VARIABLE = YES;
				IPHONEOS_DEPLOYMENT_TARGET = 12.1;
				MTL_ENABLE_DEBUG_INFO = NO;
				MTL_FAST_MATH = YES;
				SDKROOT = iphoneos;
				SWIFT_COMPILATION_MODE = wholemodule;
				SWIFT_OPTIMIZATION_LEVEL = "-O";
				VALIDATE_PRODUCT = YES;
			};
			name = Release;
		};
		3B72F15322423E7000EE48FA /* Debug */ = {
			isa = XCBuildConfiguration;
			baseConfigurationReference = 50DED9FD2BCEE4B673BF7D52 /* Pods-FB AccountKit Integration-Swift.debug.xcconfig */;
			buildSettings = {
				ASSETCATALOG_COMPILER_APPICON_NAME = AppIcon;
				CODE_SIGN_STYLE = Automatic;
				INFOPLIST_FILE = "FB AccountKit Integration-Swift/Info.plist";
				LD_RUNPATH_SEARCH_PATHS = (
					"$(inherited)",
					"@executable_path/Frameworks",
				);
				PRODUCT_BUNDLE_IDENTIFIER = "com.abdurrahmanjyoti.FB-AccountKit-Integration-Swift";
				PRODUCT_NAME = "$(TARGET_NAME)";
				SWIFT_VERSION = 4.2;
				TARGETED_DEVICE_FAMILY = "1,2";
			};
			name = Debug;
		};
		3B72F15422423E7000EE48FA /* Release */ = {
			isa = XCBuildConfiguration;
			baseConfigurationReference = 99B886D72895A7F1990DB215 /* Pods-FB AccountKit Integration-Swift.release.xcconfig */;
			buildSettings = {
				ASSETCATALOG_COMPILER_APPICON_NAME = AppIcon;
				CODE_SIGN_STYLE = Automatic;
				INFOPLIST_FILE = "FB AccountKit Integration-Swift/Info.plist";
				LD_RUNPATH_SEARCH_PATHS = (
					"$(inherited)",
					"@executable_path/Frameworks",
				);
				PRODUCT_BUNDLE_IDENTIFIER = "com.abdurrahmanjyoti.FB-AccountKit-Integration-Swift";
				PRODUCT_NAME = "$(TARGET_NAME)";
				SWIFT_VERSION = 4.2;
				TARGETED_DEVICE_FAMILY = "1,2";
			};
			name = Release;
		};
/* End XCBuildConfiguration section */

/* Begin XCConfigurationList section */
		3B72F13B22423E6F00EE48FA /* Build configuration list for PBXProject "FB AccountKit Integration-Swift" */ = {
			isa = XCConfigurationList;
			buildConfigurations = (
				3B72F15022423E7000EE48FA /* Debug */,
				3B72F15122423E7000EE48FA /* Release */,
			);
			defaultConfigurationIsVisible = 0;
			defaultConfigurationName = Release;
		};
		3B72F15222423E7000EE48FA /* Build configuration list for PBXNativeTarget "FB AccountKit Integration-Swift" */ = {
			isa = XCConfigurationList;
			buildConfigurations = (
				3B72F15322423E7000EE48FA /* Debug */,
				3B72F15422423E7000EE48FA /* Release */,
			);
			defaultConfigurationIsVisible = 0;
			defaultConfigurationName = Release;
		};
/* End XCConfigurationList section */
	};
	rootObject = 3B72F13822423E6F00EE48FA /* Project object */;
}
